{
  "name": "testing",
  "version": "0.0.3",
  "lockfileVersion": 1,
  "requires": true,
  "dependencies": {
    "fece": {
      "version": "0.0.3",
      "resolved": "https://registry.npmjs.org/fece/-/fece-0.0.3.tgz",
      "integrity": "sha512-Ylcufa+stnB4yZFSpsLJHJeP4oEsePyg6uXuE4O+WLnR3RetMEOV6vNhsgZrmoWuxEVvz0Nis0snoEOWzXsO9Q==",
      "dev": true
    }
  }
}
